{
  "requires": true,
  "lockfileVersion": 1,
  "dependencies": {
    "datatables.net": {
      "version": "2.3.0",
      "resolved": "https://registry.npmjs.org/datatables.net/-/datatables.net-2.3.0.tgz",
      "integrity": "sha512-IX5Dsc7bTNqI3RyT4B7imtFicLMCg7ZLwwx/gvR6cbwYgfG+mLX2KAVm7BNmnwOhUdMMcGSGSE19RpTn31TTGQ==",
      "requires": {
        "jquery": ">=1.7"
      }
    },
    "datatables.net-dt": {
      "version": "2.3.0",
      "resolved": "https://registry.npmjs.org/datatables.net-dt/-/datatables.net-dt-2.3.0.tgz",
      "integrity": "sha512-A2i2rt6b6VQ7ZwbuKpS3NbSy7EDfL65etpCm15vJ5Dk6Qv0OVr//xacTKgkJ7YFWCs32juloQ2vlnVIlGH7qfw==",
      "requires": {
        "datatables.net": "2.3.0",
        "jquery": ">=1.7"
      }
    },
    "jquery": {
      "version": "3.7.1",
      "resolved": "https://registry.npmjs.org/jquery/-/jquery-3.7.1.tgz",
      "integrity": "sha512-m4avr8yL8kmFN8psrbFFFmB/If14iN5o9nw/NgnnM+kybDJpRsAynV2BsfpTYrTRysYUdADVD7CkUUizgkpLfg=="
    }
  }
}
